
Microsoft Visual Studio Solution File, Format Version 12.00
# Visual Studio 2012
Project("{FAE04EC0-301F-11D3-BF4B-00C04F79EFBC}") = "FiltroSuavizado", "FiltroSuavizado\FiltroSuavizado.csproj", "{3F38E0C9-3611-4F0A-BF76-11B2FAEAC435}"
EndProject
Global
	GlobalSection(SolutionConfigurationPlatforms) = preSolution
		Debug|Any CPU = Debug|Any CPU
		Release|Any CPU = Release|Any CPU
	EndGlobalSection
	GlobalSection(ProjectConfigurationPlatforms) = postSolution
		{3F38E0C9-3611-4F0A-BF76-11B2FAEAC435}.Debug|Any CPU.ActiveCfg = Debug|Any CPU
		{3F38E0C9-3611-4F0A-BF76-11B2FAEAC435}.Debug|Any CPU.Build.0 = Debug|Any CPU
		{3F38E0C9-3611-4F0A-BF76-11B2FAEAC435}.Release|Any CPU.ActiveCfg = Release|Any CPU
		{3F38E0C9-3611-4F0A-BF76-11B2FAEAC435}.Release|Any CPU.Build.0 = Release|Any CPU
	EndGlobalSection
	GlobalSection(SolutionProperties) = preSolution
		HideSolutionNode = FALSE
	EndGlobalSection
EndGlobal
